// !$*UTF8*$!
{
	archiveVersion = 1;
	classes = {
	};
	objectVersion = 56;
	objects = {

/* Begin PBXBuildFile section */
		786BB6C42C21BD4A00523313 /* AppDelegate.swift in Sources */ = {isa = PBXBuildFile; fileRef = 786BB6C32C21BD4A00523313 /* AppDelegate.swift */; };
		786BB6C62C21BD4A00523313 /* SceneDelegate.swift in Sources */ = {isa = PBXBuildFile; fileRef = 786BB6C52C21BD4A00523313 /* SceneDelegate.swift */; };
		786BB6C82C21BD4A00523313 /* ViewController.swift in Sources */ = {isa = PBXBuildFile; fileRef = 786BB6C72C21BD4A00523313 /* ViewController.swift */; };
		786BB6CB2C21BD4A00523313 /* Main.storyboard in Resources */ = {isa = PBXBuildFile; fileRef = 786BB6C92C21BD4A00523313 /* Main.storyboard */; };
		786BB6CD2C21BD4B00523313 /* Assets.xcassets in Resources */ = {isa = PBXBuildFile; fileRef = 786BB6CC2C21BD4B00523313 /* Assets.xcassets */; };
		786BB6D02C21BD4B00523313 /* LaunchScreen.storyboard in Resources */ = {isa = PBXBuildFile; fileRef = 786BB6CE2C21BD4B00523313 /* LaunchScreen.storyboard */; };
		786BB6DB2C21BD4B00523313 /* kadai10Tests.swift in Sources */ = {isa = PBXBuildFile; fileRef = 786BB6DA2C21BD4B00523313 /* kadai10Tests.swift */; };
		786BB6E52C21BD4B00523313 /* kadai10UITests.swift in Sources */ = {isa = PBXBuildFile; fileRef = 786BB6E42C21BD4B00523313 /* kadai10UITests.swift */; };
		786BB6E72C21BD4B00523313 /* kadai10UITestsLaunchTests.swift in Sources */ = {isa = PBXBuildFile; fileRef = 786BB6E62C21BD4B00523313 /* kadai10UITestsLaunchTests.swift */; };
/* End PBXBuildFile section */

/* Begin PBXContainerItemProxy section */
		786BB6D72C21BD4B00523313 /* PBXContainerItemProxy */ = {
			isa = PBXContainerItemProxy;
			containerPortal = 786BB6B82C21BD4A00523313 /* Project object */;
			proxyType = 1;
			remoteGlobalIDString = 786BB6BF2C21BD4A00523313;
			remoteInfo = kadai10;
		};
		786BB6E12C21BD4B00523313 /* PBXContainerItemProxy */ = {
			isa = PBXContainerItemProxy;
			containerPortal = 786BB6B82C21BD4A00523313 /* Project object */;
			proxyType = 1;
			remoteGlobalIDString = 786BB6BF2C21BD4A00523313;
			remoteInfo = kadai10;
		};
/* End PBXContainerItemProxy section */

/* Begin PBXFileReference section */
		786BB6C02C21BD4A00523313 /* kadai10.app */ = {isa = PBXFileReference; explicitFileType = wrapper.application; includeInIndex = 0; path = kadai10.app; sourceTree = BUILT_PRODUCTS_DIR; };
		786BB6C32C21BD4A00523313 /* AppDelegate.swift */ = {isa = PBXFileReference; lastKnownFileType = sourcecode.swift; path = AppDelegate.swift; sourceTree = "<group>"; };
		786BB6C52C21BD4A00523313 /* SceneDelegate.swift */ = {isa = PBXFileReference; lastKnownFileType = sourcecode.swift; path = SceneDelegate.swift; sourceTree = "<group>"; };
		786BB6C72C21BD4A00523313 /* ViewController.swift */ = {isa = PBXFileReference; lastKnownFileType = sourcecode.swift; path = ViewController.swift; sourceTree = "<group>"; };
		786BB6CA2C21BD4A00523313 /* Base */ = {isa = PBXFileReference; lastKnownFileType = file.storyboard; name = Base; path = Base.lproj/Main.storyboard; sourceTree = "<group>"; };
		786BB6CC2C21BD4B00523313 /* Assets.xcassets */ = {isa = PBXFileReference; lastKnownFileType = folder.assetcatalog; path = Assets.xcassets; sourceTree = "<group>"; };
		786BB6CF2C21BD4B00523313 /* Base */ = {isa = PBXFileReference; lastKnownFileType = file.storyboard; name = Base; path = Base.lproj/LaunchScreen.storyboard; sourceTree = "<group>"; };
		786BB6D12C21BD4B00523313 /* Info.plist */ = {isa = PBXFileReference; lastKnownFileType = text.plist.xml; path = Info.plist; sourceTree = "<group>"; };
		786BB6D62C21BD4B00523313 /* kadai10Tests.xctest */ = {isa = PBXFileReference; explicitFileType = wrapper.cfbundle; includeInIndex = 0; path = kadai10Tests.xctest; sourceTree = BUILT_PRODUCTS_DIR; };
		786BB6DA2C21BD4B00523313 /* kadai10Tests.swift */ = {isa = PBXFileReference; lastKnownFileType = sourcecode.swift; path = kadai10Tests.swift; sourceTree = "<group>"; };
		786BB6E02C21BD4B00523313 /* kadai10UITests.xctest */ = {isa = PBXFileReference; explicitFileType = wrapper.cfbundle; includeInIndex = 0; path = kadai10UITests.xctest; sourceTree = BUILT_PRODUCTS_DIR; };
		786BB6E42C21BD4B00523313 /* kadai10UITests.swift */ = {isa = PBXFileReference; lastKnownFileType = sourcecode.swift; path = kadai10UITests.swift; sourceTree = "<group>"; };
		786BB6E62C21BD4B00523313 /* kadai10UITestsLaunchTests.swift */ = {isa = PBXFileReference; lastKnownFileType = sourcecode.swift; path = kadai10UITestsLaunchTests.swift; sourceTree = "<group>"; };
/* End PBXFileReference section */

/* Begin PBXFrameworksBuildPhase section */
		786BB6BD2C21BD4A00523313 /* Frameworks */ = {
			isa = PBXFrameworksBuildPhase;
			buildActionMask = 2147483647;
			files = (
			);
			runOnlyForDeploymentPostprocessing = 0;
		};
		786BB6D32C21BD4B00523313 /* Frameworks */ = {
			isa = PBXFrameworksBuildPhase;
			buildActionMask = 2147483647;
			files = (
			);
			runOnlyForDeploymentPostprocessing = 0;
		};
		786BB6DD2C21BD4B00523313 /* Frameworks */ = {
			isa = PBXFrameworksBuildPhase;
			buildActionMask = 2147483647;
			files = (
			);
			runOnlyForDeploymentPostprocessing = 0;
		};
/* End PBXFrameworksBuildPhase section */

/* Begin PBXGroup section */
		786BB6B72C21BD4A00523313 = {
			isa = PBXGroup;
			children = (
				786BB6C22C21BD4A00523313 /* kadai10 */,
				786BB6D92C21BD4B00523313 /* kadai10Tests */,
				786BB6E32C21BD4B00523313 /* kadai10UITests */,
				786BB6C12C21BD4A00523313 /* Products */,
			);
			sourceTree = "<group>";
		};
		786BB6C12C21BD4A00523313 /* Products */ = {
			isa = PBXGroup;
			children = (
				786BB6C02C21BD4A00523313 /* kadai10.app */,
				786BB6D62C21BD4B00523313 /* kadai10Tests.xctest */,
				786BB6E02C21BD4B00523313 /* kadai10UITests.xctest */,
			);
			name = Products;
			sourceTree = "<group>";
		};
		786BB6C22C21BD4A00523313 /* kadai10 */ = {
			isa = PBXGroup;
			children = (
				786BB6C32C21BD4A00523313 /* AppDelegate.swift */,
				786BB6C52C21BD4A00523313 /* SceneDelegate.swift */,
				786BB6C72C21BD4A00523313 /* ViewController.swift */,
				786BB6C92C21BD4A00523313 /* Main.storyboard */,
				786BB6CC2C21BD4B00523313 /* Assets.xcassets */,
				786BB6CE2C21BD4B00523313 /* LaunchScreen.storyboard */,
				786BB6D12C21BD4B00523313 /* Info.plist */,
			);
			path = kadai10;
			sourceTree = "<group>";
		};
		786BB6D92C21BD4B00523313 /* kadai10Tests */ = {
			isa = PBXGroup;
			children = (
				786BB6DA2C21BD4B00523313 /* kadai10Tests.swift */,
			);
			path = kadai10Tests;
			sourceTree = "<group>";
		};
		786BB6E32C21BD4B00523313 /* kadai10UITests */ = {
			isa = PBXGroup;
			children = (
				786BB6E42C21BD4B00523313 /* kadai10UITests.swift */,
				786BB6E62C21BD4B00523313 /* kadai10UITestsLaunchTests.swift */,
			);
			path = kadai10UITests;
			sourceTree = "<group>";
		};
/* End PBXGroup section */

/* Begin PBXNativeTarget section */
		786BB6BF2C21BD4A00523313 /* kadai10 */ = {
			isa = PBXNativeTarget;
			buildConfigurationList = 786BB6EA2C21BD4B00523313 /* Build configuration list for PBXNativeTarget "kadai10" */;
			buildPhases = (
				786BB6BC2C21BD4A00523313 /* Sources */,
				786BB6BD2C21BD4A00523313 /* Frameworks */,
				786BB6BE2C21BD4A00523313 /* Resources */,
			);
			buildRules = (
			);
			dependencies = (
			);
			name = kadai10;
			productName = kadai10;
			productReference = 786BB6C02C21BD4A00523313 /* kadai10.app */;
			productType = "com.apple.product-type.application";
		};
		786BB6D52C21BD4B00523313 /* kadai10Tests */ = {
			isa = PBXNativeTarget;
			buildConfigurationList = 786BB6ED2C21BD4B00523313 /* Build configuration list for PBXNativeTarget "kadai10Tests" */;
			buildPhases = (
				786BB6D22C21BD4B00523313 /* Sources */,
				786BB6D32C21BD4B00523313 /* Frameworks */,
				786BB6D42C21BD4B00523313 /* Resources */,
			);
			buildRules = (
			);
			dependencies = (
				786BB6D82C21BD4B00523313 /* PBXTargetDependency */,
			);
			name = kadai10Tests;
			productName = kadai10Tests;
			productReference = 786BB6D62C21BD4B00523313 /* kadai10Tests.xctest */;
			productType = "com.apple.product-type.bundle.unit-test";
		};
		786BB6DF2C21BD4B00523313 /* kadai10UITests */ = {
			isa = PBXNativeTarget;
			buildConfigurationList = 786BB6F02C21BD4B00523313 /* Build configuration list for PBXNativeTarget "kadai10UITests" */;
			buildPhases = (
				786BB6DC2C21BD4B00523313 /* Sources */,
				786BB6DD2C21BD4B00523313 /* Frameworks */,
				786BB6DE2C21BD4B00523313 /* Resources */,
			);
			buildRules = (
			);
			dependencies = (
				786BB6E22C21BD4B00523313 /* PBXTargetDependency */,
			);
			name = kadai10UITests;
			productName = kadai10UITests;
			productReference = 786BB6E02C21BD4B00523313 /* kadai10UITests.xctest */;
			productType = "com.apple.product-type.bundle.ui-testing";
		};
/* End PBXNativeTarget section */

/* Begin PBXProject section */
		786BB6B82C21BD4A00523313 /* Project object */ = {
			isa = PBXProject;
			attributes = {
				BuildIndependentTargetsInParallel = 1;
				LastSwiftUpdateCheck = 1520;
				LastUpgradeCheck = 1520;
				TargetAttributes = {
					786BB6BF2C21BD4A00523313 = {
						CreatedOnToolsVersion = 15.2;
					};
					786BB6D52C21BD4B00523313 = {
						CreatedOnToolsVersion = 15.2;
						TestTargetID = 786BB6BF2C21BD4A00523313;
					};
					786BB6DF2C21BD4B00523313 = {
						CreatedOnToolsVersion = 15.2;
						TestTargetID = 786BB6BF2C21BD4A00523313;
					};
				};
			};
			buildConfigurationList = 786BB6BB2C21BD4A00523313 /* Build configuration list for PBXProject "kadai10" */;
			compatibilityVersion = "Xcode 14.0";
			developmentRegion = en;
			hasScannedForEncodings = 0;
			knownRegions = (
				en,
				Base,
			);
			mainGroup = 786BB6B72C21BD4A00523313;
			productRefGroup = 786BB6C12C21BD4A00523313 /* Products */;
			projectDirPath = "";
			projectRoot = "";
			targets = (
				786BB6BF2C21BD4A00523313 /* kadai10 */,
				786BB6D52C21BD4B00523313 /* kadai10Tests */,
				786BB6DF2C21BD4B00523313 /* kadai10UITests */,
			);
		};
/* End PBXProject section */

/* Begin PBXResourcesBuildPhase section */
		786BB6BE2C21BD4A00523313 /* Resources */ = {
			isa = PBXResourcesBuildPhase;
			buildActionMask = 2147483647;
			files = (
				786BB6D02C21BD4B00523313 /* LaunchScreen.storyboard in Resources */,
				786BB6CD2C21BD4B00523313 /* Assets.xcassets in Resources */,
				786BB6CB2C21BD4A00523313 /* Main.storyboard in Resources */,
			);
			runOnlyForDeploymentPostprocessing = 0;
		};
		786BB6D42C21BD4B00523313 /* Resources */ = {
			isa = PBXResourcesBuildPhase;
			buildActionMask = 2147483647;
			files = (
			);
			runOnlyForDeploymentPostprocessing = 0;
		};
		786BB6DE2C21BD4B00523313 /* Resources */ = {
			isa = PBXResourcesBuildPhase;
			buildActionMask = 2147483647;
			files = (
			);
			runOnlyForDeploymentPostprocessing = 0;
		};
/* End PBXResourcesBuildPhase section */

/* Begin PBXSourcesBuildPhase section */
		786BB6BC2C21BD4A00523313 /* Sources */ = {
			isa = PBXSourcesBuildPhase;
			buildActionMask = 2147483647;
			files = (
				786BB6C82C21BD4A00523313 /* ViewController.swift in Sources */,
				786BB6C42C21BD4A00523313 /* AppDelegate.swift in Sources */,
				786BB6C62C21BD4A00523313 /* SceneDelegate.swift in Sources */,
			);
			runOnlyForDeploymentPostprocessing = 0;
		};
		786BB6D22C21BD4B00523313 /* Sources */ = {
			isa = PBXSourcesBuildPhase;
			buildActionMask = 2147483647;
			files = (
				786BB6DB2C21BD4B00523313 /* kadai10Tests.swift in Sources */,
			);
			runOnlyForDeploymentPostprocessing = 0;
		};
		786BB6DC2C21BD4B00523313 /* Sources */ = {
			isa = PBXSourcesBuildPhase;
			buildActionMask = 2147483647;
			files = (
				786BB6E72C21BD4B00523313 /* kadai10UITestsLaunchTests.swift in Sources */,
				786BB6E52C21BD4B00523313 /* kadai10UITests.swift in Sources */,
			);
			runOnlyForDeploymentPostprocessing = 0;
		};
/* End PBXSourcesBuildPhase section */

/* Begin PBXTargetDependency section */
		786BB6D82C21BD4B00523313 /* PBXTargetDependency */ = {
			isa = PBXTargetDependency;
			target = 786BB6BF2C21BD4A00523313 /* kadai10 */;
			targetProxy = 786BB6D72C21BD4B00523313 /* PBXContainerItemProxy */;
		};
		786BB6E22C21BD4B00523313 /* PBXTargetDependency */ = {
			isa = PBXTargetDependency;
			target = 786BB6BF2C21BD4A00523313 /* kadai10 */;
			targetProxy = 786BB6E12C21BD4B00523313 /* PBXContainerItemProxy */;
		};
/* End PBXTargetDependency section */

/* Begin PBXVariantGroup section */
		786BB6C92C21BD4A00523313 /* Main.storyboard */ = {
			isa = PBXVariantGroup;
			children = (
				786BB6CA2C21BD4A00523313 /* Base */,
			);
			name = Main.storyboard;
			sourceTree = "<group>";
		};
		786BB6CE2C21BD4B00523313 /* LaunchScreen.storyboard */ = {
			isa = PBXVariantGroup;
			children = (
				786BB6CF2C21BD4B00523313 /* Base */,
			);
			name = LaunchScreen.storyboard;
			sourceTree = "<group>";
		};
/* End PBXVariantGroup section */

/* Begin XCBuildConfiguration section */
		786BB6E82C21BD4B00523313 /* Debug */ = {
			isa = XCBuildConfiguration;
			buildSettings = {
				ALWAYS_SEARCH_USER_PATHS = NO;
				ASSETCATALOG_COMPILER_GENERATE_SWIFT_ASSET_SYMBOL_EXTENSIONS = YES;
				CLANG_ANALYZER_NONNULL = YES;
				CLANG_ANALYZER_NUMBER_OBJECT_CONVERSION = YES_AGGRESSIVE;
				CLANG_CXX_LANGUAGE_STANDARD = "gnu++20";
				CLANG_ENABLE_MODULES = YES;
				CLANG_ENABLE_OBJC_ARC = YES;
				CLANG_ENABLE_OBJC_WEAK = YES;
				CLANG_WARN_BLOCK_CAPTURE_AUTORELEASING = YES;
				CLANG_WARN_BOOL_CONVERSION = YES;
				CLANG_WARN_COMMA = YES;
				CLANG_WARN_CONSTANT_CONVERSION = YES;
				CLANG_WARN_DEPRECATED_OBJC_IMPLEMENTATIONS = YES;
				CLANG_WARN_DIRECT_OBJC_ISA_USAGE = YES_ERROR;
				CLANG_WARN_DOCUMENTATION_COMMENTS = YES;
				CLANG_WARN_EMPTY_BODY = YES;
				CLANG_WARN_ENUM_CONVERSION = YES;
				CLANG_WARN_INFINITE_RECURSION = YES;
				CLANG_WARN_INT_CONVERSION = YES;
				CLANG_WARN_NON_LITERAL_NULL_CONVERSION = YES;
				CLANG_WARN_OBJC_IMPLICIT_RETAIN_SELF = YES;
				CLANG_WARN_OBJC_LITERAL_CONVERSION = YES;
				CLANG_WARN_OBJC_ROOT_CLASS = YES_ERROR;
				CLANG_WARN_QUOTED_INCLUDE_IN_FRAMEWORK_HEADER = YES;
				CLANG_WARN_RANGE_LOOP_ANALYSIS = YES;
				CLANG_WARN_STRICT_PROTOTYPES = YES;
				CLANG_WARN_SUSPICIOUS_MOVE = YES;
				CLANG_WARN_UNGUARDED_AVAILABILITY = YES_AGGRESSIVE;
				CLANG_WARN_UNREACHABLE_CODE = YES;
				CLANG_WARN__DUPLICATE_METHOD_MATCH = YES;
				COPY_PHASE_STRIP = NO;
				DEBUG_INFORMATION_FORMAT = dwarf;
				ENABLE_STRICT_OBJC_MSGSEND = YES;
				ENABLE_TESTABILITY = YES;
				ENABLE_USER_SCRIPT_SANDBOXING = YES;
				GCC_C_LANGUAGE_STANDARD = gnu17;
				GCC_DYNAMIC_NO_PIC = NO;
				GCC_NO_COMMON_BLOCKS = YES;
				GCC_OPTIMIZATION_LEVEL = 0;
				GCC_PREPROCESSOR_DEFINITIONS = (
					"DEBUG=1",
					"$(inherited)",
				);
				GCC_WARN_64_TO_32_BIT_CONVERSION = YES;
				GCC_WARN_ABOUT_RETURN_TYPE = YES_ERROR;
				GCC_WARN_UNDECLARED_SELECTOR = YES;
				GCC_WARN_UNINITIALIZED_AUTOS = YES_AGGRESSIVE;
				GCC_WARN_UNUSED_FUNCTION = YES;
				GCC_WARN_UNUSED_VARIABLE = YES;
				IPHONEOS_DEPLOYMENT_TARGET = 17.2;
				LOCALIZATION_PREFERS_STRING_CATALOGS = YES;
				MTL_ENABLE_DEBUG_INFO = INCLUDE_SOURCE;
				MTL_FAST_MATH = YES;
				ONLY_ACTIVE_ARCH = YES;
				SDKROOT = iphoneos;
				SWIFT_ACTIVE_COMPILATION_CONDITIONS = "DEBUG $(inherited)";
				SWIFT_OPTIMIZATION_LEVEL = "-Onone";
			};
			name = Debug;
		};
		786BB6E92C21BD4B00523313 /* Release */ = {
			isa = XCBuildConfiguration;
			buildSettings = {
				ALWAYS_SEARCH_USER_PATHS = NO;
				ASSETCATALOG_COMPILER_GENERATE_SWIFT_ASSET_SYMBOL_EXTENSIONS = YES;
				CLANG_ANALYZER_NONNULL = YES;
				CLANG_ANALYZER_NUMBER_OBJECT_CONVERSION = YES_AGGRESSIVE;
				CLANG_CXX_LANGUAGE_STANDARD = "gnu++20";
				CLANG_ENABLE_MODULES = YES;
				CLANG_ENABLE_OBJC_ARC = YES;
				CLANG_ENABLE_OBJC_WEAK = YES;
				CLANG_WARN_BLOCK_CAPTURE_AUTORELEASING = YES;
				CLANG_WARN_BOOL_CONVERSION = YES;
				CLANG_WARN_COMMA = YES;
				CLANG_WARN_CONSTANT_CONVERSION = YES;
				CLANG_WARN_DEPRECATED_OBJC_IMPLEMENTATIONS = YES;
				CLANG_WARN_DIRECT_OBJC_ISA_USAGE = YES_ERROR;
				CLANG_WARN_DOCUMENTATION_COMMENTS = YES;
				CLANG_WARN_EMPTY_BODY = YES;
				CLANG_WARN_ENUM_CONVERSION = YES;
				CLANG_WARN_INFINITE_RECURSION = YES;
				CLANG_WARN_INT_CONVERSION = YES;
				CLANG_WARN_NON_LITERAL_NULL_CONVERSION = YES;
				CLANG_WARN_OBJC_IMPLICIT_RETAIN_SELF = YES;
				CLANG_WARN_OBJC_LITERAL_CONVERSION = YES;
				CLANG_WARN_OBJC_ROOT_CLASS = YES_ERROR;
				CLANG_WARN_QUOTED_INCLUDE_IN_FRAMEWORK_HEADER = YES;
				CLANG_WARN_RANGE_LOOP_ANALYSIS = YES;
				CLANG_WARN_STRICT_PROTOTYPES = YES;
				CLANG_WARN_SUSPICIOUS_MOVE = YES;
				CLANG_WARN_UNGUARDED_AVAILABILITY = YES_AGGRESSIVE;
				CLANG_WARN_UNREACHABLE_CODE = YES;
				CLANG_WARN__DUPLICATE_METHOD_MATCH = YES;
				COPY_PHASE_STRIP = NO;
				DEBUG_INFORMATION_FORMAT = "dwarf-with-dsym";
				ENABLE_NS_ASSERTIONS = NO;
				ENABLE_STRICT_OBJC_MSGSEND = YES;
				ENABLE_USER_SCRIPT_SANDBOXING = YES;
				GCC_C_LANGUAGE_STANDARD = gnu17;
				GCC_NO_COMMON_BLOCKS = YES;
				GCC_WARN_64_TO_32_BIT_CONVERSION = YES;
				GCC_WARN_ABOUT_RETURN_TYPE = YES_ERROR;
				GCC_WARN_UNDECLARED_SELECTOR = YES;
				GCC_WARN_UNINITIALIZED_AUTOS = YES_AGGRESSIVE;
				GCC_WARN_UNUSED_FUNCTION = YES;
				GCC_WARN_UNUSED_VARIABLE = YES;
				IPHONEOS_DEPLOYMENT_TARGET = 17.2;
				LOCALIZATION_PREFERS_STRING_CATALOGS = YES;
				MTL_ENABLE_DEBUG_INFO = NO;
				MTL_FAST_MATH = YES;
				SDKROOT = iphoneos;
				SWIFT_COMPILATION_MODE = wholemodule;
				VALIDATE_PRODUCT = YES;
			};
			name = Release;
		};
		786BB6EB2C21BD4B00523313 /* Debug */ = {
			isa = XCBuildConfiguration;
			buildSettings = {
				ASSETCATALOG_COMPILER_APPICON_NAME = AppIcon;
				ASSETCATALOG_COMPILER_GLOBAL_ACCENT_COLOR_NAME = AccentColor;
				CODE_SIGN_STYLE = Automatic;
				CURRENT_PROJECT_VERSION = 1;
				GENERATE_INFOPLIST_FILE = YES;
				INFOPLIST_FILE = kadai10/Info.plist;
				INFOPLIST_KEY_UIApplicationSupportsIndirectInputEvents = YES;
				INFOPLIST_KEY_UILaunchStoryboardName = LaunchScreen;
				INFOPLIST_KEY_UIMainStoryboardFile = Main;
				INFOPLIST_KEY_UISupportedInterfaceOrientations_iPad = "UIInterfaceOrientationPortrait UIInterfaceOrientationPortraitUpsideDown UIInterfaceOrientationLandscapeLeft UIInterfaceOrientationLandscapeRight";
				INFOPLIST_KEY_UISupportedInterfaceOrientations_iPhone = "UIInterfaceOrientationPortrait UIInterfaceOrientationLandscapeLeft UIInterfaceOrientationLandscapeRight";
				LD_RUNPATH_SEARCH_PATHS = (
					"$(inherited)",
					"@executable_path/Frameworks",
				);
				MARKETING_VERSION = 1.0;
				PRODUCT_BUNDLE_IDENTIFIER = "swift-biginner.kadai10";
				PRODUCT_NAME = "$(TARGET_NAME)";
				SWIFT_EMIT_LOC_STRINGS = YES;
				SWIFT_VERSION = 5.0;
				TARGETED_DEVICE_FAMILY = "1,2";
			};
			name = Debug;
		};
		786BB6EC2C21BD4B00523313 /* Release */ = {
			isa = XCBuildConfiguration;
			buildSettings = {
				ASSETCATALOG_COMPILER_APPICON_NAME = AppIcon;
				ASSETCATALOG_COMPILER_GLOBAL_ACCENT_COLOR_NAME = AccentColor;
				CODE_SIGN_STYLE = Automatic;
				CURRENT_PROJECT_VERSION = 1;
				GENERATE_INFOPLIST_FILE = YES;
				INFOPLIST_FILE = kadai10/Info.plist;
				INFOPLIST_KEY_UIApplicationSupportsIndirectInputEvents = YES;
				INFOPLIST_KEY_UILaunchStoryboardName = LaunchScreen;
				INFOPLIST_KEY_UIMainStoryboardFile = Main;
				INFOPLIST_KEY_UISupportedInterfaceOrientations_iPad = "UIInterfaceOrientationPortrait UIInterfaceOrientationPortraitUpsideDown UIInterfaceOrientationLandscapeLeft UIInterfaceOrientationLandscapeRight";
				INFOPLIST_KEY_UISupportedInterfaceOrientations_iPhone = "UIInterfaceOrientationPortrait UIInterfaceOrientationLandscapeLeft UIInterfaceOrientationLandscapeRight";
				LD_RUNPATH_SEARCH_PATHS = (
					"$(inherited)",
					"@executable_path/Frameworks",
				);
				MARKETING_VERSION = 1.0;
				PRODUCT_BUNDLE_IDENTIFIER = "swift-biginner.kadai10";
				PRODUCT_NAME = "$(TARGET_NAME)";
				SWIFT_EMIT_LOC_STRINGS = YES;
				SWIFT_VERSION = 5.0;
				TARGETED_DEVICE_FAMILY = "1,2";
			};
			name = Release;
		};
		786BB6EE2C21BD4B00523313 /* Debug */ = {
			isa = XCBuildConfiguration;
			buildSettings = {
				ALWAYS_EMBED_SWIFT_STANDARD_LIBRARIES = YES;
				BUNDLE_LOADER = "$(TEST_HOST)";
				CODE_SIGN_STYLE = Automatic;
				CURRENT_PROJECT_VERSION = 1;
				GENERATE_INFOPLIST_FILE = YES;
				IPHONEOS_DEPLOYMENT_TARGET = 17.2;
				MARKETING_VERSION = 1.0;
				PRODUCT_BUNDLE_IDENTIFIER = "swift-biginner.kadai10Tests";
				PRODUCT_NAME = "$(TARGET_NAME)";
				SWIFT_EMIT_LOC_STRINGS = NO;
				SWIFT_VERSION = 5.0;
				TARGETED_DEVICE_FAMILY = "1,2";
				TEST_HOST = "$(BUILT_PRODUCTS_DIR)/kadai10.app/$(BUNDLE_EXECUTABLE_FOLDER_PATH)/kadai10";
			};
			name = Debug;
		};
		786BB6EF2C21BD4B00523313 /* Release */ = {
			isa = XCBuildConfiguration;
			buildSettings = {
				ALWAYS_EMBED_SWIFT_STANDARD_LIBRARIES = YES;
				BUNDLE_LOADER = "$(TEST_HOST)";
				CODE_SIGN_STYLE = Automatic;
				CURRENT_PROJECT_VERSION = 1;
				GENERATE_INFOPLIST_FILE = YES;
				IPHONEOS_DEPLOYMENT_TARGET = 17.2;
				MARKETING_VERSION = 1.0;
				PRODUCT_BUNDLE_IDENTIFIER = "swift-biginner.kadai10Tests";
				PRODUCT_NAME = "$(TARGET_NAME)";
				SWIFT_EMIT_LOC_STRINGS = NO;
				SWIFT_VERSION = 5.0;
				TARGETED_DEVICE_FAMILY = "1,2";
				TEST_HOST = "$(BUILT_PRODUCTS_DIR)/kadai10.app/$(BUNDLE_EXECUTABLE_FOLDER_PATH)/kadai10";
			};
			name = Release;
		};
		786BB6F12C21BD4B00523313 /* Debug */ = {
			isa = XCBuildConfiguration;
			buildSettings = {
				ALWAYS_EMBED_SWIFT_STANDARD_LIBRARIES = YES;
				CODE_SIGN_STYLE = Automatic;
				CURRENT_PROJECT_VERSION = 1;
				GENERATE_INFOPLIST_FILE = YES;
				MARKETING_VERSION = 1.0;
				PRODUCT_BUNDLE_IDENTIFIER = "swift-biginner.kadai10UITests";
				PRODUCT_NAME = "$(TARGET_NAME)";
				SWIFT_EMIT_LOC_STRINGS = NO;
				SWIFT_VERSION = 5.0;
				TARGETED_DEVICE_FAMILY = "1,2";
				TEST_TARGET_NAME = kadai10;
			};
			name = Debug;
		};
		786BB6F22C21BD4B00523313 /* Release */ = {
			isa = XCBuildConfiguration;
			buildSettings = {
				ALWAYS_EMBED_SWIFT_STANDARD_LIBRARIES = YES;
				CODE_SIGN_STYLE = Automatic;
				CURRENT_PROJECT_VERSION = 1;
				GENERATE_INFOPLIST_FILE = YES;
				MARKETING_VERSION = 1.0;
				PRODUCT_BUNDLE_IDENTIFIER = "swift-biginner.kadai10UITests";
				PRODUCT_NAME = "$(TARGET_NAME)";
				SWIFT_EMIT_LOC_STRINGS = NO;
				SWIFT_VERSION = 5.0;
				TARGETED_DEVICE_FAMILY = "1,2";
				TEST_TARGET_NAME = kadai10;
			};
			name = Release;
		};
/* End XCBuildConfiguration section */

/* Begin XCConfigurationList section */
		786BB6BB2C21BD4A00523313 /* Build configuration list for PBXProject "kadai10" */ = {
			isa = XCConfigurationList;
			buildConfigurations = (
				786BB6E82C21BD4B00523313 /* Debug */,
				786BB6E92C21BD4B00523313 /* Release */,
			);
			defaultConfigurationIsVisible = 0;
			defaultConfigurationName = Release;
		};
		786BB6EA2C21BD4B00523313 /* Build configuration list for PBXNativeTarget "kadai10" */ = {
			isa = XCConfigurationList;
			buildConfigurations = (
				786BB6EB2C21BD4B00523313 /* Debug */,
				786BB6EC2C21BD4B00523313 /* Release */,
			);
			defaultConfigurationIsVisible = 0;
			defaultConfigurationName = Release;
		};
		786BB6ED2C21BD4B00523313 /* Build configuration list for PBXNativeTarget "kadai10Tests" */ = {
			isa = XCConfigurationList;
			buildConfigurations = (
				786BB6EE2C21BD4B00523313 /* Debug */,
				786BB6EF2C21BD4B00523313 /* Release */,
			);
			defaultConfigurationIsVisible = 0;
			defaultConfigurationName = Release;
		};
		786BB6F02C21BD4B00523313 /* Build configuration list for PBXNativeTarget "kadai10UITests" */ = {
			isa = XCConfigurationList;
			buildConfigurations = (
				786BB6F12C21BD4B00523313 /* Debug */,
				786BB6F22C21BD4B00523313 /* Release */,
			);
			defaultConfigurationIsVisible = 0;
			defaultConfigurationName = Release;
		};
/* End XCConfigurationList section */
	};
	rootObject = 786BB6B82C21BD4A00523313 /* Project object */;
}
